
Microsoft Visual Studio Solution File, Format Version 12.00
# Visual Studio Version 16
VisualStudioVersion = 16.0.32929.386
MinimumVisualStudioVersion = 10.0.40219.1
Project("{FAE04EC0-301F-11D3-BF4B-00C04F79EFBC}") = "WinformsCalculator", "WindowsFormsApps\WinformsCalculator.csproj", "{7971F8E0-1F58-4D5E-BAC3-E61C63ADE1A5}"
EndProject
Global
	GlobalSection(SolutionConfigurationPlatforms) = preSolution
		Debug|Any CPU = Debug|Any CPU
		Release|Any CPU = Release|Any CPU
	EndGlobalSection
	GlobalSection(ProjectConfigurationPlatforms) = postSolution
		{7971F8E0-1F58-4D5E-BAC3-E61C63ADE1A5}.Debug|Any CPU.ActiveCfg = Debug|Any CPU
		{7971F8E0-1F58-4D5E-BAC3-E61C63ADE1A5}.Debug|Any CPU.Build.0 = Debug|Any CPU
		{7971F8E0-1F58-4D5E-BAC3-E61C63ADE1A5}.Release|Any CPU.ActiveCfg = Release|Any CPU
		{7971F8E0-1F58-4D5E-BAC3-E61C63ADE1A5}.Release|Any CPU.Build.0 = Release|Any CPU
	EndGlobalSection
	GlobalSection(SolutionProperties) = preSolution
		HideSolutionNode = FALSE
	EndGlobalSection
	GlobalSection(ExtensibilityGlobals) = postSolution
		SolutionGuid = {48363867-F737-4CAF-81FD-E9D8E4930558}
	EndGlobalSection
EndGlobal
